
Microsoft Visual Studio Solution File, Format Version 12.00
# Visual Studio Version 17
VisualStudioVersion = 17.11.35327.3
MinimumVisualStudioVersion = 10.0.40219.1
Project("{FAE04EC0-301F-11D3-BF4B-00C04F79EFBC}") = "EBA Kargo Takip", "EBA Kargo Takip\EBA Kargo Takip.csproj", "{222EC6FB-469C-4546-8416-18EB80E44F7B}"
EndProject
Global
	GlobalSection(SolutionConfigurationPlatforms) = preSolution
		Debug|Any CPU = Debug|Any CPU
		Release|Any CPU = Release|Any CPU
	EndGlobalSection
	GlobalSection(ProjectConfigurationPlatforms) = postSolution
		{222EC6FB-469C-4546-8416-18EB80E44F7B}.Debug|Any CPU.ActiveCfg = Debug|Any CPU
		{222EC6FB-469C-4546-8416-18EB80E44F7B}.Debug|Any CPU.Build.0 = Debug|Any CPU
		{222EC6FB-469C-4546-8416-18EB80E44F7B}.Release|Any CPU.ActiveCfg = Release|Any CPU
		{222EC6FB-469C-4546-8416-18EB80E44F7B}.Release|Any CPU.Build.0 = Release|Any CPU
	EndGlobalSection
	GlobalSection(SolutionProperties) = preSolution
		HideSolutionNode = FALSE
	EndGlobalSection
	GlobalSection(ExtensibilityGlobals) = postSolution
		SolutionGuid = {DB3220D6-A395-456B-A042-40BB8108047F}
	EndGlobalSection
EndGlobal
